
Microsoft Visual Studio Solution File, Format Version 12.00
# Visual Studio Version 16
VisualStudioVersion = 16.0.31605.320
MinimumVisualStudioVersion = 10.0.40219.1
Project("{FAE04EC0-301F-11D3-BF4B-00C04F79EFBC}") = "BeGreen", "BeGreen\BeGreen.csproj", "{B642D92B-564A-4AD1-AB93-A4B685A92E1B}"
EndProject
Global
	GlobalSection(SolutionConfigurationPlatforms) = preSolution
		Debug|Any CPU = Debug|Any CPU
		Release|Any CPU = Release|Any CPU
	EndGlobalSection
	GlobalSection(ProjectConfigurationPlatforms) = postSolution
		{B642D92B-564A-4AD1-AB93-A4B685A92E1B}.Debug|Any CPU.ActiveCfg = Debug|Any CPU
		{B642D92B-564A-4AD1-AB93-A4B685A92E1B}.Debug|Any CPU.Build.0 = Debug|Any CPU
		{B642D92B-564A-4AD1-AB93-A4B685A92E1B}.Release|Any CPU.ActiveCfg = Release|Any CPU
		{B642D92B-564A-4AD1-AB93-A4B685A92E1B}.Release|Any CPU.Build.0 = Release|Any CPU
	EndGlobalSection
	GlobalSection(SolutionProperties) = preSolution
		HideSolutionNode = FALSE
	EndGlobalSection
	GlobalSection(ExtensibilityGlobals) = postSolution
		SolutionGuid = {1B2D6CDB-E8A5-44C6-BEAD-969FCA6242CF}
	EndGlobalSection
EndGlobal
